{
  "name": "@cqin/cli",
  "version": "1.0.23",
  "lockfileVersion": 3,
  "requires": true,
  "packages": {
    "": {
      "name": "@cqin/cli",
      "version": "1.0.23",
      "license": "MIT",
      "dependencies": {
        "chalk": "^5.4.1",
        "commander": "^13.1.0",
        "ejs": "^3.1.10",
        "fs-extra": "^11.3.0",
        "husky": "^9.1.7",
        "inquirer": "^12.5.2",
        "ora": "^8.2.0",
        "picocolors": "^1.1.1"
      },
      "bin": {
        "cqin": "src/index.js"
      }
    },
    "../../node_modules/.pnpm/chalk@5.4.1/node_modules/chalk": {
      "version": "5.4.1",
      "license": "MIT",
      "devDependencies": {
        "@types/node": "^16.11.10",
        "ava": "^3.15.0",
        "c8": "^7.10.0",
        "color-convert": "^2.0.1",
        "execa": "^6.0.0",
        "log-update": "^5.0.0",
        "matcha": "^0.7.0",
        "tsd": "^0.19.0",
        "xo": "^0.57.0",
        "yoctodelay": "^2.0.0"
      },
      "engines": {
        "node": "^12.17.0 || ^14.13 || >=16.0.0"
      },
      "funding": {
        "url": "https://github.com/chalk/chalk?sponsor=1"
      }
    },
    "../../node_modules/.pnpm/commander@13.1.0/node_modules/commander": {
      "version": "13.1.0",
      "license": "MIT",
      "devDependencies": {
        "@eslint/js": "^9.4.0",
        "@types/jest": "^29.2.4",
        "@types/node": "^22.7.4",
        "eslint": "^9.17.0",
        "eslint-config-prettier": "^9.1.0",
        "eslint-plugin-jest": "^28.3.0",
        "globals": "^15.7.0",
        "jest": "^29.3.1",
        "prettier": "^3.2.5",
        "ts-jest": "^29.0.3",
        "tsd": "^0.31.0",
        "typescript": "^5.0.4",
        "typescript-eslint": "^8.12.2"
      },
      "engines": {
        "node": ">=18"
      }
    },
    "../../node_modules/.pnpm/ejs@3.1.10/node_modules/ejs": {
      "version": "3.1.10",
      "license": "Apache-2.0",
      "dependencies": {
        "jake": "^10.8.5"
      },
      "bin": {
        "ejs": "bin/cli.js"
      },
      "devDependencies": {
        "browserify": "^16.5.1",
        "eslint": "^6.8.0",
        "git-directory-deploy": "^1.5.1",
        "jsdoc": "^4.0.2",
        "lru-cache": "^4.0.1",
        "mocha": "^10.2.0",
        "uglify-js": "^3.3.16"
      },
      "engines": {
        "node": ">=0.10.0"
      }
    },
    "../../node_modules/.pnpm/fs-extra@11.3.0/node_modules/fs-extra": {
      "version": "11.3.0",
      "license": "MIT",
      "dependencies": {
        "graceful-fs": "^4.2.0",
        "jsonfile": "^6.0.1",
        "universalify": "^2.0.0"
      },
      "devDependencies": {
        "klaw": "^2.1.1",
        "klaw-sync": "^3.0.2",
        "minimist": "^1.1.1",
        "mocha": "^10.1.0",
        "nyc": "^15.0.0",
        "proxyquire": "^2.0.1",
        "read-dir-files": "^0.1.1",
        "standard": "^17.0.0"
      },
      "engines": {
        "node": ">=14.14"
      }
    },
    "../../node_modules/.pnpm/husky@9.1.7/node_modules/husky": {
      "version": "9.1.7",
      "license": "MIT",
      "bin": {
        "husky": "bin.js"
      },
      "engines": {
        "node": ">=18"
      },
      "funding": {
        "url": "https://github.com/sponsors/typicode"
      }
    },
    "../../node_modules/.pnpm/inquirer@12.6.1/node_modules/inquirer": {
      "version": "12.6.1",
      "license": "MIT",
      "dependencies": {
        "@inquirer/core": "^10.1.11",
        "@inquirer/prompts": "^7.5.1",
        "@inquirer/type": "^3.0.6",
        "ansi-escapes": "^4.3.2",
        "mute-stream": "^2.0.0",
        "run-async": "^3.0.0",
        "rxjs": "^7.8.2"
      },
      "devDependencies": {
        "@arethetypeswrong/cli": "^0.17.4",
        "@types/mute-stream": "^0.0.4",
        "tshy": "^3.0.2"
      },
      "engines": {
        "node": ">=18"
      },
      "peerDependencies": {
        "@types/node": ">=18"
      },
      "peerDependenciesMeta": {
        "@types/node": {
          "optional": true
        }
      }
    },
    "../../node_modules/.pnpm/ora@8.2.0/node_modules/ora": {
      "version": "8.2.0",
      "license": "MIT",
      "dependencies": {
        "chalk": "^5.3.0",
        "cli-cursor": "^5.0.0",
        "cli-spinners": "^2.9.2",
        "is-interactive": "^2.0.0",
        "is-unicode-supported": "^2.0.0",
        "log-symbols": "^6.0.0",
        "stdin-discarder": "^0.2.2",
        "string-width": "^7.2.0",
        "strip-ansi": "^7.1.0"
      },
      "devDependencies": {
        "@types/node": "^22.5.0",
        "ava": "^5.3.1",
        "get-stream": "^9.0.1",
        "transform-tty": "^1.0.11",
        "tsd": "^0.31.1",
        "xo": "^0.59.3"
      },
      "engines": {
        "node": ">=18"
      },
      "funding": {
        "url": "https://github.com/sponsors/sindresorhus"
      }
    },
    "../../node_modules/.pnpm/picocolors@1.1.1/node_modules/picocolors": {
      "version": "1.1.1",
      "license": "ISC"
    },
    "node_modules/chalk": {
      "resolved": "../../node_modules/.pnpm/chalk@5.4.1/node_modules/chalk",
      "link": true
    },
    "node_modules/commander": {
      "resolved": "../../node_modules/.pnpm/commander@13.1.0/node_modules/commander",
      "link": true
    },
    "node_modules/ejs": {
      "resolved": "../../node_modules/.pnpm/ejs@3.1.10/node_modules/ejs",
      "link": true
    },
    "node_modules/fs-extra": {
      "resolved": "../../node_modules/.pnpm/fs-extra@11.3.0/node_modules/fs-extra",
      "link": true
    },
    "node_modules/husky": {
      "resolved": "../../node_modules/.pnpm/husky@9.1.7/node_modules/husky",
      "link": true
    },
    "node_modules/inquirer": {
      "resolved": "../../node_modules/.pnpm/inquirer@12.6.1/node_modules/inquirer",
      "link": true
    },
    "node_modules/ora": {
      "resolved": "../../node_modules/.pnpm/ora@8.2.0/node_modules/ora",
      "link": true
    },
    "node_modules/picocolors": {
      "resolved": "../../node_modules/.pnpm/picocolors@1.1.1/node_modules/picocolors",
      "link": true
    }
  }
}